
Microsoft Visual Studio Solution File, Format Version 12.00
# Visual Studio Version 17
VisualStudioVersion = 17.10.35013.160
MinimumVisualStudioVersion = 10.0.40219.1
Project("{FAE04EC0-301F-11D3-BF4B-00C04F79EFBC}") = "RaWMVC", "RaWMVC\RaWMVC.csproj", "{F5FDAE23-9232-4C5E-8F84-65D3A3E23BFB}"
EndProject
Global
	GlobalSection(SolutionConfigurationPlatforms) = preSolution
		Debug|Any CPU = Debug|Any CPU
		Release|Any CPU = Release|Any CPU
	EndGlobalSection
	GlobalSection(ProjectConfigurationPlatforms) = postSolution
		{F5FDAE23-9232-4C5E-8F84-65D3A3E23BFB}.Debug|Any CPU.ActiveCfg = Debug|Any CPU
		{F5FDAE23-9232-4C5E-8F84-65D3A3E23BFB}.Debug|Any CPU.Build.0 = Debug|Any CPU
		{F5FDAE23-9232-4C5E-8F84-65D3A3E23BFB}.Release|Any CPU.ActiveCfg = Release|Any CPU
		{F5FDAE23-9232-4C5E-8F84-65D3A3E23BFB}.Release|Any CPU.Build.0 = Release|Any CPU
	EndGlobalSection
	GlobalSection(SolutionProperties) = preSolution
		HideSolutionNode = FALSE
	EndGlobalSection
	GlobalSection(ExtensibilityGlobals) = postSolution
		SolutionGuid = {05863A16-C7B9-455D-AFAE-18B1DA81A2ED}
	EndGlobalSection
EndGlobal
